
Microsoft Visual Studio Solution File, Format Version 12.00
# Visual Studio Version 16
VisualStudioVersion = 16.0.31313.79
MinimumVisualStudioVersion = 10.0.40219.1
Project("{2150E333-8FDC-42A3-9474-1A3956D46DE8}") = "Feature", "Feature", "{00332579-4466-4397-B0E1-F90590CFA980}"
EndProject
Project("{2150E333-8FDC-42A3-9474-1A3956D46DE8}") = "Project", "Project", "{01BD5B52-C658-469A-8A1D-C238DD871F75}"
EndProject
Project("{2150E333-8FDC-42A3-9474-1A3956D46DE8}") = "Foundation", "Foundation", "{0CEAE94A-5F69-4446-B136-1C55959C15D6}"
EndProject
Project("{FAE04EC0-301F-11D3-BF4B-00C04F79EFBC}") = "CBE.Foundation.Configuration", "src\Foundation\Configuration\code\CBE.Foundation.Configuration\CBE.Foundation.Configuration.csproj", "{717BAFF6-C299-4294-8FD0-492FB0826EDE}"
EndProject
Project("{2150E333-8FDC-42A3-9474-1A3956D46DE8}") = "Configuration", "Configuration", "{EE1786D6-201A-4BB1-832A-547C39FDD46F}"
EndProject
Project("{FAE04EC0-301F-11D3-BF4B-00C04F79EFBC}") = "CBE.Feature.DiscussionForum", "src\Feature\DiscussionForum\code\CBE.Feature.DiscussionForum\CBE.Feature.DiscussionForum.csproj", "{B31D682E-D443-4323-A2EA-DFA9A3413C5A}"
EndProject
Project("{2150E333-8FDC-42A3-9474-1A3956D46DE8}") = "DiscussionForum", "DiscussionForum", "{5020EECE-66CF-4194-8127-2DADED8CFFAE}"
EndProject
Project("{2150E333-8FDC-42A3-9474-1A3956D46DE8}") = "Accounts", "Accounts", "{6EB58CD9-E73D-429F-84E7-601B0D8DDFA4}"
EndProject
Project("{FAE04EC0-301F-11D3-BF4B-00C04F79EFBC}") = "CBE.Feature.Accounts", "src\Feature\Accounts\code\CBE.Feature.Accounts\CBE.Feature.Accounts.csproj", "{30AA2851-0289-4F28-A9ED-2E3F99B4DA52}"
EndProject
Project("{FAE04EC0-301F-11D3-BF4B-00C04F79EFBC}") = "CBE.Foundation.SiteExtensions", "src\Foundation\SiteExtensions\code\CBE.Foundation.SiteExtensions\CBE.Foundation.SiteExtensions.csproj", "{D6E9E347-FBF1-4589-B567-7D7EF0F4A623}"
EndProject
Project("{2150E333-8FDC-42A3-9474-1A3956D46DE8}") = "SiteExtensions", "SiteExtensions", "{45940B11-4907-4D48-9C75-4C94366A858C}"
EndProject
Project("{2150E333-8FDC-42A3-9474-1A3956D46DE8}") = "Alerts", "Alerts", "{9E4DB020-00ED-427F-8A4E-8AFE717DDC4D}"
EndProject
Project("{FAE04EC0-301F-11D3-BF4B-00C04F79EFBC}") = "CBE.Foundation.Alerts", "src\Foundation\Alerts\code\CBE.Foundation.Alerts\CBE.Foundation.Alerts.csproj", "{C6E3792B-C536-4F08-947D-9F2EB43F3E3C}"
EndProject
Project("{2150E333-8FDC-42A3-9474-1A3956D46DE8}") = "Dictionary", "Dictionary", "{AB0060E5-CBBA-4162-95DF-D8E1FCDDD500}"
EndProject
Project("{FAE04EC0-301F-11D3-BF4B-00C04F79EFBC}") = "CBE.Foundation.Dictionary", "src\Foundation\Dictionary\code\CBE.Foundation.Dictionary\CBE.Foundation.Dictionary.csproj", "{EBD61EE0-88BF-4D76-B300-475AA3494226}"
EndProject
Project("{2150E333-8FDC-42A3-9474-1A3956D46DE8}") = "Accounts", "Accounts", "{145DD585-2020-4A34-8650-75BD6947D882}"
EndProject
Project("{2150E333-8FDC-42A3-9474-1A3956D46DE8}") = "Serialization", "Serialization", "{95C6F4C7-7193-4525-AFEA-542C0338388F}"
EndProject
Project("{FAE04EC0-301F-11D3-BF4B-00C04F79EFBC}") = "CBE.Foundation.Serialization", "src\Foundation\Serialization\code\CBE.Foundation.Serialization\CBE.Foundation.Serialization.csproj", "{18602998-DAA0-4C8B-BBA1-85AACD9F1378}"
EndProject
Project("{FAE04EC0-301F-11D3-BF4B-00C04F79EFBC}") = "CBE.Foundation.Accounts", "src\Foundation\Accounts\code\CBE.Foundation.Accounts\CBE.Foundation.Accounts.csproj", "{F53A1FDF-0D06-41C0-95C3-AD7E53366A7A}"
EndProject
Project("{2150E333-8FDC-42A3-9474-1A3956D46DE8}") = "Assets", "Assets", "{64692A60-2547-493E-98CE-B21F90265404}"
EndProject
Project("{FAE04EC0-301F-11D3-BF4B-00C04F79EFBC}") = "CBE.Foundation.Assets", "src\Foundation\Assets\code\CBE.Foundation.Assets\CBE.Foundation.Assets.csproj", "{70CC0217-7724-4143-B821-F0449A441C4D}"
EndProject
Project("{2150E333-8FDC-42A3-9474-1A3956D46DE8}") = "Common", "Common", "{46F6C430-A6DF-4E61-B426-E78D60E6A135}"
EndProject
Project("{FAE04EC0-301F-11D3-BF4B-00C04F79EFBC}") = "CBE.Project.Common", "src\Project\Common\code\CBE.Common.Website\CBE.Project.Common.csproj", "{8BA56AEB-6C36-4771-A160-DA891E59C5A6}"
EndProject
Project("{2150E333-8FDC-42A3-9474-1A3956D46DE8}") = "Website", "Website", "{9FD23704-F99B-45A7-9077-1ABB67B9C26A}"
EndProject
Project("{FAE04EC0-301F-11D3-BF4B-00C04F79EFBC}") = "CBE.Project.Website", "src\Project\Website\code\CBE.Project.Website\CBE.Project.Website.csproj", "{4EA5B064-C20B-46BC-A37F-6F1169AAEB49}"
EndProject
Project("{2150E333-8FDC-42A3-9474-1A3956D46DE8}") = "FieldEditor", "FieldEditor", "{1C4C5C7E-BDD2-4464-B2AA-0AC21B84B661}"
EndProject
Project("{FAE04EC0-301F-11D3-BF4B-00C04F79EFBC}") = "CBE.Foundation.FieldEditor", "src\Foundation\FieldEditor\code\CBE.Foundation.FieldEditor\CBE.Foundation.FieldEditor.csproj", "{B81C6141-3854-4A8C-8907-7E3794366725}"
EndProject
Project("{2150E333-8FDC-42A3-9474-1A3956D46DE8}") = "Indexing", "Indexing", "{702ACE09-6E46-4EA3-BA5D-3D948B8DFCF0}"
EndProject
Project("{FAE04EC0-301F-11D3-BF4B-00C04F79EFBC}") = "CBE.Foundation.Indexing", "src\Foundation\Indexing\code\CBE.Foundation.Indexing\CBE.Foundation.Indexing.csproj", "{D10518C9-FE21-4279-BBDC-CBBAE7545AA3}"
EndProject
Project("{2150E333-8FDC-42A3-9474-1A3956D46DE8}") = "Installer", "Installer", "{CD3C9E97-6B58-4E22-9382-0479C51D47C7}"
EndProject
Project("{FAE04EC0-301F-11D3-BF4B-00C04F79EFBC}") = "CBE.Foundation.Installer", "src\Foundation\Installer\code\CBE.Foundation.Installer\CBE.Foundation.Installer.csproj", "{56D69E9C-B943-4CBB-875D-6F6508D4565D}"
EndProject
Project("{2150E333-8FDC-42A3-9474-1A3956D46DE8}") = "LocalDatasource", "LocalDatasource", "{B44C78AE-3410-4733-B83E-2C13BA8E2612}"
EndProject
Project("{FAE04EC0-301F-11D3-BF4B-00C04F79EFBC}") = "CBE.Foundation.LocalDatasource", "src\Foundation\LocalDatasource\code\CBE.Foundation.LocalDatasource\CBE.Foundation.LocalDatasource.csproj", "{1E224259-B82E-4438-8405-3C503658298F}"
EndProject
Project("{2150E333-8FDC-42A3-9474-1A3956D46DE8}") = "Multisite", "Multisite", "{DD399311-96A3-4197-928A-0E20EB285CAC}"
EndProject
Project("{FAE04EC0-301F-11D3-BF4B-00C04F79EFBC}") = "CBE.Foundation.Multisite", "src\Foundation\Multisite\code\CBE.Foundation.Multisite\CBE.Foundation.Multisite.csproj", "{09E81654-AE64-46C4-82E3-0A68C39563C3}"
EndProject
Project("{2150E333-8FDC-42A3-9474-1A3956D46DE8}") = "Language", "Language", "{EB6FE96E-C5F1-4590-979D-062656448473}"
EndProject
Project("{FAE04EC0-301F-11D3-BF4B-00C04F79EFBC}") = "CBE.Feature.Language", "src\Feature\Language\code\cbe.Feature.Language\CBE.Feature.Language.csproj", "{0DC89C4E-AC71-4C0A-9269-E58736E46DCE}"
EndProject
Project("{2150E333-8FDC-42A3-9474-1A3956D46DE8}") = "Demo", "Demo", "{2404E9AD-9C66-4166-A030-10D9381D1FF1}"
EndProject
Project("{FAE04EC0-301F-11D3-BF4B-00C04F79EFBC}") = "CBE.Feature.Demo", "src\Feature\Demo\code\CBE.Feature.Demo\CBE.Feature.Demo.csproj", "{6A36BC03-02B0-4870-A65A-979A0A096284}"
EndProject
Project("{2150E333-8FDC-42A3-9474-1A3956D46DE8}") = "FAQ", "FAQ", "{99FABD61-D6FE-44B4-B8F7-17BBA49D87BD}"
EndProject
Project("{FAE04EC0-301F-11D3-BF4B-00C04F79EFBC}") = "CBE.Feature.FAQ", "src\Feature\FAQ\code\CBE.Feature.FAQ\CBE.Feature.FAQ.csproj", "{1080EDD0-326E-410E-8637-DA19C297D5CE}"
EndProject
Project("{2150E333-8FDC-42A3-9474-1A3956D46DE8}") = "Identity", "Identity", "{0CF92343-A8A5-4A35-9582-B74B83119E3E}"
EndProject
Project("{FAE04EC0-301F-11D3-BF4B-00C04F79EFBC}") = "CBE.Feature.Identity", "src\Feature\Identity\code\CBE.Feature.Identity\CBE.Feature.Identity.csproj", "{F4B09654-9BD9-4348-A1F6-A1FD36745A12}"
EndProject
Project("{2150E333-8FDC-42A3-9474-1A3956D46DE8}") = "DependencyInjection", "DependencyInjection", "{36D0F398-88D9-47E2-8116-361CDF5E5F5B}"
EndProject
Project("{FAE04EC0-301F-11D3-BF4B-00C04F79EFBC}") = "CBE.Foundation.DependencyInjection", "src\Foundation\DependencyInjection\code\CBE.Foundation.DependencyInjection\CBE.Foundation.DependencyInjection.csproj", "{DB025E84-3EBA-423E-BC36-C2FC5F2BB289}"
EndProject
Project("{2150E333-8FDC-42A3-9474-1A3956D46DE8}") = "Media", "Media", "{1491CBE9-39DA-4D48-B07A-40D589F986B5}"
EndProject
Project("{FAE04EC0-301F-11D3-BF4B-00C04F79EFBC}") = "CBE.Feature.Media", "src\Feature\Media\code\CBE.Feature.Media\CBE.Feature.Media.csproj", "{720D2359-0EE1-48D1-894F-F199295E9B79}"
EndProject
Project("{2150E333-8FDC-42A3-9474-1A3956D46DE8}") = "Metadata", "Metadata", "{05550D32-47AD-44E2-9CE4-8EE797FF3ACE}"
EndProject
Project("{FAE04EC0-301F-11D3-BF4B-00C04F79EFBC}") = "CBE.Feature.Metadata", "src\Feature\Metadata\code\CBE.Feature.Metadata\CBE.Feature.Metadata.csproj", "{6287AD51-B6D2-425F-A5D0-0BD8F8E09FD4}"
EndProject
Project("{2150E333-8FDC-42A3-9474-1A3956D46DE8}") = "Multisite", "Multisite", "{98548447-0DE5-4A55-88D8-F93D290F9D11}"
EndProject
Project("{FAE04EC0-301F-11D3-BF4B-00C04F79EFBC}") = "CBE.Feature.Multisite", "src\Feature\Multisite\code\CBE.Feature.Multisite\CBE.Feature.Multisite.csproj", "{4E655BF0-A91A-41CA-9C82-3CB74E37BD83}"
EndProject
Project("{2150E333-8FDC-42A3-9474-1A3956D46DE8}") = "Navigation", "Navigation", "{3656A255-4A5A-44BC-A34E-EBB0EC5631E8}"
EndProject
Project("{FAE04EC0-301F-11D3-BF4B-00C04F79EFBC}") = "CBE.Feature.Navigation", "src\Feature\Navigation\code\CBE.Feature.Navigation\CBE.Feature.Navigation.csproj", "{B79AD49E-916A-4124-BEA7-7949B1118243}"
EndProject
Project("{2150E333-8FDC-42A3-9474-1A3956D46DE8}") = "News", "News", "{36AEE20E-2BF2-48AD-8D74-CFE4A4CCCEF4}"
EndProject
Project("{FAE04EC0-301F-11D3-BF4B-00C04F79EFBC}") = "CBE.Feature.News", "src\Feature\News\code\CBE.Feature.News\CBE.Feature.News.csproj", "{A05C0C07-4685-4CAC-B06A-FD2EA4552294}"
EndProject
Project("{2150E333-8FDC-42A3-9474-1A3956D46DE8}") = "PageContent", "PageContent", "{0DC3064D-4E9B-4715-9733-115095EB1086}"
EndProject
Project("{FAE04EC0-301F-11D3-BF4B-00C04F79EFBC}") = "CBE.Feature.PageContent", "src\Feature\PageContent\code\CBE.Feature.PageContent\CBE.Feature.PageContent.csproj", "{E705DE91-28B0-42DE-9CBF-5065C6928AAF}"
EndProject
Project("{2150E333-8FDC-42A3-9474-1A3956D46DE8}") = "Person", "Person", "{3A5CE46A-0A81-4BA7-8940-D924B11C2459}"
EndProject
Project("{FAE04EC0-301F-11D3-BF4B-00C04F79EFBC}") = "CBE.Feature.Person", "src\Feature\Person\code\CBE.Feature.Person\CBE.Feature.Person.csproj", "{4F7B0CE2-9804-46C9-BD40-968B3B558DD4}"
EndProject
Project("{2150E333-8FDC-42A3-9474-1A3956D46DE8}") = "Search", "Search", "{21A9746A-D269-4B55-9CAC-12C217AEC112}"
EndProject
Project("{FAE04EC0-301F-11D3-BF4B-00C04F79EFBC}") = "CBE.Feature.Search", "src\Feature\Search\code\CBE.Feature.Search\CBE.Feature.Search.csproj", "{73C32935-8AF6-4C78-A7D4-77BB05D50F8E}"
EndProject
Project("{2150E333-8FDC-42A3-9474-1A3956D46DE8}") = "Social", "Social", "{8DBAF8B5-8659-4E1C-A09C-5CB096FD5244}"
EndProject
Project("{FAE04EC0-301F-11D3-BF4B-00C04F79EFBC}") = "CBE.Feature.Social", "src\Feature\Social\code\CBE.Feature.Social\CBE.Feature.Social.csproj", "{87DAB0D2-0632-4490-8B25-587E2C87A308}"
EndProject
Project("{2150E333-8FDC-42A3-9474-1A3956D46DE8}") = "Teasers", "Teasers", "{D38E91E5-B668-41FF-A2DC-812415A088DC}"
EndProject
Project("{FAE04EC0-301F-11D3-BF4B-00C04F79EFBC}") = "CBE.Feature.Teasers", "src\Feature\Teasers\code\CBE.Feature.Teasers\CBE.Feature.Teasers.csproj", "{BF6B90CF-06BB-4DBE-A17C-DD5169790735}"
EndProject
Project("{2150E333-8FDC-42A3-9474-1A3956D46DE8}") = "Maps", "Maps", "{B7C58192-9520-40EB-A5B9-1C7BD82AC2F9}"
EndProject
Project("{FAE04EC0-301F-11D3-BF4B-00C04F79EFBC}") = "CBE.Feature.Maps", "src\Feature\Maps\code\CBE.Feature.Maps\CBE.Feature.Maps\CBE.Feature.Maps.csproj", "{EF87A65F-DC0F-44EE-91BF-74F7FED2599B}"
EndProject
Project("{2150E333-8FDC-42A3-9474-1A3956D46DE8}") = "Theming", "Theming", "{E8BF8408-23B8-4211-89BD-E6FBABBFA889}"
EndProject
Project("{FAE04EC0-301F-11D3-BF4B-00C04F79EFBC}") = "CBE.Foundation.Theming", "src\Foundation\Theming\code\CBE.Foundation.Theming\CBE.Foundation.Theming.csproj", "{5D2E6EBB-2720-4A51-8E3D-C62F1197DD31}"
EndProject
Global
	GlobalSection(SolutionConfigurationPlatforms) = preSolution
		Debug|Any CPU = Debug|Any CPU
		Release|Any CPU = Release|Any CPU
	EndGlobalSection
	GlobalSection(ProjectConfigurationPlatforms) = postSolution
		{717BAFF6-C299-4294-8FD0-492FB0826EDE}.Debug|Any CPU.ActiveCfg = Debug|Any CPU
		{717BAFF6-C299-4294-8FD0-492FB0826EDE}.Debug|Any CPU.Build.0 = Debug|Any CPU
		{717BAFF6-C299-4294-8FD0-492FB0826EDE}.Release|Any CPU.ActiveCfg = Release|Any CPU
		{717BAFF6-C299-4294-8FD0-492FB0826EDE}.Release|Any CPU.Build.0 = Release|Any CPU
		{B31D682E-D443-4323-A2EA-DFA9A3413C5A}.Debug|Any CPU.ActiveCfg = Debug|Any CPU
		{B31D682E-D443-4323-A2EA-DFA9A3413C5A}.Debug|Any CPU.Build.0 = Debug|Any CPU
		{B31D682E-D443-4323-A2EA-DFA9A3413C5A}.Release|Any CPU.ActiveCfg = Release|Any CPU
		{B31D682E-D443-4323-A2EA-DFA9A3413C5A}.Release|Any CPU.Build.0 = Release|Any CPU
		{30AA2851-0289-4F28-A9ED-2E3F99B4DA52}.Debug|Any CPU.ActiveCfg = Debug|Any CPU
		{30AA2851-0289-4F28-A9ED-2E3F99B4DA52}.Debug|Any CPU.Build.0 = Debug|Any CPU
		{30AA2851-0289-4F28-A9ED-2E3F99B4DA52}.Release|Any CPU.ActiveCfg = Release|Any CPU
		{30AA2851-0289-4F28-A9ED-2E3F99B4DA52}.Release|Any CPU.Build.0 = Release|Any CPU
		{D6E9E347-FBF1-4589-B567-7D7EF0F4A623}.Debug|Any CPU.ActiveCfg = Debug|Any CPU
		{D6E9E347-FBF1-4589-B567-7D7EF0F4A623}.Debug|Any CPU.Build.0 = Debug|Any CPU
		{D6E9E347-FBF1-4589-B567-7D7EF0F4A623}.Release|Any CPU.ActiveCfg = Release|Any CPU
		{D6E9E347-FBF1-4589-B567-7D7EF0F4A623}.Release|Any CPU.Build.0 = Release|Any CPU
		{C6E3792B-C536-4F08-947D-9F2EB43F3E3C}.Debug|Any CPU.ActiveCfg = Debug|Any CPU
		{C6E3792B-C536-4F08-947D-9F2EB43F3E3C}.Debug|Any CPU.Build.0 = Debug|Any CPU
		{C6E3792B-C536-4F08-947D-9F2EB43F3E3C}.Release|Any CPU.ActiveCfg = Release|Any CPU
		{C6E3792B-C536-4F08-947D-9F2EB43F3E3C}.Release|Any CPU.Build.0 = Release|Any CPU
		{EBD61EE0-88BF-4D76-B300-475AA3494226}.Debug|Any CPU.ActiveCfg = Debug|Any CPU
		{EBD61EE0-88BF-4D76-B300-475AA3494226}.Debug|Any CPU.Build.0 = Debug|Any CPU
		{EBD61EE0-88BF-4D76-B300-475AA3494226}.Release|Any CPU.ActiveCfg = Release|Any CPU
		{EBD61EE0-88BF-4D76-B300-475AA3494226}.Release|Any CPU.Build.0 = Release|Any CPU
		{18602998-DAA0-4C8B-BBA1-85AACD9F1378}.Debug|Any CPU.ActiveCfg = Debug|Any CPU
		{18602998-DAA0-4C8B-BBA1-85AACD9F1378}.Debug|Any CPU.Build.0 = Debug|Any CPU
		{18602998-DAA0-4C8B-BBA1-85AACD9F1378}.Release|Any CPU.ActiveCfg = Release|Any CPU
		{18602998-DAA0-4C8B-BBA1-85AACD9F1378}.Release|Any CPU.Build.0 = Release|Any CPU
		{F53A1FDF-0D06-41C0-95C3-AD7E53366A7A}.Debug|Any CPU.ActiveCfg = Debug|Any CPU
		{F53A1FDF-0D06-41C0-95C3-AD7E53366A7A}.Debug|Any CPU.Build.0 = Debug|Any CPU
		{F53A1FDF-0D06-41C0-95C3-AD7E53366A7A}.Release|Any CPU.ActiveCfg = Release|Any CPU
		{F53A1FDF-0D06-41C0-95C3-AD7E53366A7A}.Release|Any CPU.Build.0 = Release|Any CPU
		{70CC0217-7724-4143-B821-F0449A441C4D}.Debug|Any CPU.ActiveCfg = Debug|Any CPU
		{70CC0217-7724-4143-B821-F0449A441C4D}.Debug|Any CPU.Build.0 = Debug|Any CPU
		{70CC0217-7724-4143-B821-F0449A441C4D}.Release|Any CPU.ActiveCfg = Release|Any CPU
		{70CC0217-7724-4143-B821-F0449A441C4D}.Release|Any CPU.Build.0 = Release|Any CPU
		{8BA56AEB-6C36-4771-A160-DA891E59C5A6}.Debug|Any CPU.ActiveCfg = Debug|Any CPU
		{8BA56AEB-6C36-4771-A160-DA891E59C5A6}.Debug|Any CPU.Build.0 = Debug|Any CPU
		{8BA56AEB-6C36-4771-A160-DA891E59C5A6}.Release|Any CPU.ActiveCfg = Release|Any CPU
		{8BA56AEB-6C36-4771-A160-DA891E59C5A6}.Release|Any CPU.Build.0 = Release|Any CPU
		{4EA5B064-C20B-46BC-A37F-6F1169AAEB49}.Debug|Any CPU.ActiveCfg = Debug|Any CPU
		{4EA5B064-C20B-46BC-A37F-6F1169AAEB49}.Debug|Any CPU.Build.0 = Debug|Any CPU
		{4EA5B064-C20B-46BC-A37F-6F1169AAEB49}.Release|Any CPU.ActiveCfg = Release|Any CPU
		{4EA5B064-C20B-46BC-A37F-6F1169AAEB49}.Release|Any CPU.Build.0 = Release|Any CPU
		{B81C6141-3854-4A8C-8907-7E3794366725}.Debug|Any CPU.ActiveCfg = Debug|Any CPU
		{B81C6141-3854-4A8C-8907-7E3794366725}.Debug|Any CPU.Build.0 = Debug|Any CPU
		{B81C6141-3854-4A8C-8907-7E3794366725}.Release|Any CPU.ActiveCfg = Release|Any CPU
		{B81C6141-3854-4A8C-8907-7E3794366725}.Release|Any CPU.Build.0 = Release|Any CPU
		{D10518C9-FE21-4279-BBDC-CBBAE7545AA3}.Debug|Any CPU.ActiveCfg = Debug|Any CPU
		{D10518C9-FE21-4279-BBDC-CBBAE7545AA3}.Debug|Any CPU.Build.0 = Debug|Any CPU
		{D10518C9-FE21-4279-BBDC-CBBAE7545AA3}.Release|Any CPU.ActiveCfg = Release|Any CPU
		{D10518C9-FE21-4279-BBDC-CBBAE7545AA3}.Release|Any CPU.Build.0 = Release|Any CPU
		{56D69E9C-B943-4CBB-875D-6F6508D4565D}.Debug|Any CPU.ActiveCfg = Debug|Any CPU
		{56D69E9C-B943-4CBB-875D-6F6508D4565D}.Debug|Any CPU.Build.0 = Debug|Any CPU
		{56D69E9C-B943-4CBB-875D-6F6508D4565D}.Release|Any CPU.ActiveCfg = Release|Any CPU
		{56D69E9C-B943-4CBB-875D-6F6508D4565D}.Release|Any CPU.Build.0 = Release|Any CPU
		{1E224259-B82E-4438-8405-3C503658298F}.Debug|Any CPU.ActiveCfg = Debug|Any CPU
		{1E224259-B82E-4438-8405-3C503658298F}.Debug|Any CPU.Build.0 = Debug|Any CPU
		{1E224259-B82E-4438-8405-3C503658298F}.Release|Any CPU.ActiveCfg = Release|Any CPU
		{1E224259-B82E-4438-8405-3C503658298F}.Release|Any CPU.Build.0 = Release|Any CPU
		{09E81654-AE64-46C4-82E3-0A68C39563C3}.Debug|Any CPU.ActiveCfg = Debug|Any CPU
		{09E81654-AE64-46C4-82E3-0A68C39563C3}.Debug|Any CPU.Build.0 = Debug|Any CPU
		{09E81654-AE64-46C4-82E3-0A68C39563C3}.Release|Any CPU.ActiveCfg = Release|Any CPU
		{09E81654-AE64-46C4-82E3-0A68C39563C3}.Release|Any CPU.Build.0 = Release|Any CPU
		{0DC89C4E-AC71-4C0A-9269-E58736E46DCE}.Debug|Any CPU.ActiveCfg = Debug|Any CPU
		{0DC89C4E-AC71-4C0A-9269-E58736E46DCE}.Debug|Any CPU.Build.0 = Debug|Any CPU
		{0DC89C4E-AC71-4C0A-9269-E58736E46DCE}.Release|Any CPU.ActiveCfg = Release|Any CPU
		{0DC89C4E-AC71-4C0A-9269-E58736E46DCE}.Release|Any CPU.Build.0 = Release|Any CPU
		{6A36BC03-02B0-4870-A65A-979A0A096284}.Debug|Any CPU.ActiveCfg = Debug|Any CPU
		{6A36BC03-02B0-4870-A65A-979A0A096284}.Debug|Any CPU.Build.0 = Debug|Any CPU
		{6A36BC03-02B0-4870-A65A-979A0A096284}.Release|Any CPU.ActiveCfg = Release|Any CPU
		{6A36BC03-02B0-4870-A65A-979A0A096284}.Release|Any CPU.Build.0 = Release|Any CPU
		{1080EDD0-326E-410E-8637-DA19C297D5CE}.Debug|Any CPU.ActiveCfg = Debug|Any CPU
		{1080EDD0-326E-410E-8637-DA19C297D5CE}.Debug|Any CPU.Build.0 = Debug|Any CPU
		{1080EDD0-326E-410E-8637-DA19C297D5CE}.Release|Any CPU.ActiveCfg = Release|Any CPU
		{1080EDD0-326E-410E-8637-DA19C297D5CE}.Release|Any CPU.Build.0 = Release|Any CPU
		{F4B09654-9BD9-4348-A1F6-A1FD36745A12}.Debug|Any CPU.ActiveCfg = Debug|Any CPU
		{F4B09654-9BD9-4348-A1F6-A1FD36745A12}.Debug|Any CPU.Build.0 = Debug|Any CPU
		{F4B09654-9BD9-4348-A1F6-A1FD36745A12}.Release|Any CPU.ActiveCfg = Release|Any CPU
		{F4B09654-9BD9-4348-A1F6-A1FD36745A12}.Release|Any CPU.Build.0 = Release|Any CPU
		{DB025E84-3EBA-423E-BC36-C2FC5F2BB289}.Debug|Any CPU.ActiveCfg = Debug|Any CPU
		{DB025E84-3EBA-423E-BC36-C2FC5F2BB289}.Debug|Any CPU.Build.0 = Debug|Any CPU
		{DB025E84-3EBA-423E-BC36-C2FC5F2BB289}.Release|Any CPU.ActiveCfg = Release|Any CPU
		{DB025E84-3EBA-423E-BC36-C2FC5F2BB289}.Release|Any CPU.Build.0 = Release|Any CPU
		{720D2359-0EE1-48D1-894F-F199295E9B79}.Debug|Any CPU.ActiveCfg = Debug|Any CPU
		{720D2359-0EE1-48D1-894F-F199295E9B79}.Debug|Any CPU.Build.0 = Debug|Any CPU
		{720D2359-0EE1-48D1-894F-F199295E9B79}.Release|Any CPU.ActiveCfg = Release|Any CPU
		{720D2359-0EE1-48D1-894F-F199295E9B79}.Release|Any CPU.Build.0 = Release|Any CPU
		{6287AD51-B6D2-425F-A5D0-0BD8F8E09FD4}.Debug|Any CPU.ActiveCfg = Debug|Any CPU
		{6287AD51-B6D2-425F-A5D0-0BD8F8E09FD4}.Debug|Any CPU.Build.0 = Debug|Any CPU
		{6287AD51-B6D2-425F-A5D0-0BD8F8E09FD4}.Release|Any CPU.ActiveCfg = Release|Any CPU
		{6287AD51-B6D2-425F-A5D0-0BD8F8E09FD4}.Release|Any CPU.Build.0 = Release|Any CPU
		{4E655BF0-A91A-41CA-9C82-3CB74E37BD83}.Debug|Any CPU.ActiveCfg = Debug|Any CPU
		{4E655BF0-A91A-41CA-9C82-3CB74E37BD83}.Debug|Any CPU.Build.0 = Debug|Any CPU
		{4E655BF0-A91A-41CA-9C82-3CB74E37BD83}.Release|Any CPU.ActiveCfg = Release|Any CPU
		{4E655BF0-A91A-41CA-9C82-3CB74E37BD83}.Release|Any CPU.Build.0 = Release|Any CPU
		{B79AD49E-916A-4124-BEA7-7949B1118243}.Debug|Any CPU.ActiveCfg = Debug|Any CPU
		{B79AD49E-916A-4124-BEA7-7949B1118243}.Debug|Any CPU.Build.0 = Debug|Any CPU
		{B79AD49E-916A-4124-BEA7-7949B1118243}.Release|Any CPU.ActiveCfg = Release|Any CPU
		{B79AD49E-916A-4124-BEA7-7949B1118243}.Release|Any CPU.Build.0 = Release|Any CPU
		{A05C0C07-4685-4CAC-B06A-FD2EA4552294}.Debug|Any CPU.ActiveCfg = Debug|Any CPU
		{A05C0C07-4685-4CAC-B06A-FD2EA4552294}.Debug|Any CPU.Build.0 = Debug|Any CPU
		{A05C0C07-4685-4CAC-B06A-FD2EA4552294}.Release|Any CPU.ActiveCfg = Release|Any CPU
		{A05C0C07-4685-4CAC-B06A-FD2EA4552294}.Release|Any CPU.Build.0 = Release|Any CPU
		{E705DE91-28B0-42DE-9CBF-5065C6928AAF}.Debug|Any CPU.ActiveCfg = Debug|Any CPU
		{E705DE91-28B0-42DE-9CBF-5065C6928AAF}.Debug|Any CPU.Build.0 = Debug|Any CPU
		{E705DE91-28B0-42DE-9CBF-5065C6928AAF}.Release|Any CPU.ActiveCfg = Release|Any CPU
		{E705DE91-28B0-42DE-9CBF-5065C6928AAF}.Release|Any CPU.Build.0 = Release|Any CPU
		{4F7B0CE2-9804-46C9-BD40-968B3B558DD4}.Debug|Any CPU.ActiveCfg = Debug|Any CPU
		{4F7B0CE2-9804-46C9-BD40-968B3B558DD4}.Debug|Any CPU.Build.0 = Debug|Any CPU
		{4F7B0CE2-9804-46C9-BD40-968B3B558DD4}.Release|Any CPU.ActiveCfg = Release|Any CPU
		{4F7B0CE2-9804-46C9-BD40-968B3B558DD4}.Release|Any CPU.Build.0 = Release|Any CPU
		{73C32935-8AF6-4C78-A7D4-77BB05D50F8E}.Debug|Any CPU.ActiveCfg = Debug|Any CPU
		{73C32935-8AF6-4C78-A7D4-77BB05D50F8E}.Debug|Any CPU.Build.0 = Debug|Any CPU
		{73C32935-8AF6-4C78-A7D4-77BB05D50F8E}.Release|Any CPU.ActiveCfg = Release|Any CPU
		{73C32935-8AF6-4C78-A7D4-77BB05D50F8E}.Release|Any CPU.Build.0 = Release|Any CPU
		{87DAB0D2-0632-4490-8B25-587E2C87A308}.Debug|Any CPU.ActiveCfg = Debug|Any CPU
		{87DAB0D2-0632-4490-8B25-587E2C87A308}.Debug|Any CPU.Build.0 = Debug|Any CPU
		{87DAB0D2-0632-4490-8B25-587E2C87A308}.Release|Any CPU.ActiveCfg = Release|Any CPU
		{87DAB0D2-0632-4490-8B25-587E2C87A308}.Release|Any CPU.Build.0 = Release|Any CPU
		{BF6B90CF-06BB-4DBE-A17C-DD5169790735}.Debug|Any CPU.ActiveCfg = Debug|Any CPU
		{BF6B90CF-06BB-4DBE-A17C-DD5169790735}.Debug|Any CPU.Build.0 = Debug|Any CPU
		{BF6B90CF-06BB-4DBE-A17C-DD5169790735}.Release|Any CPU.ActiveCfg = Release|Any CPU
		{BF6B90CF-06BB-4DBE-A17C-DD5169790735}.Release|Any CPU.Build.0 = Release|Any CPU
		{EF87A65F-DC0F-44EE-91BF-74F7FED2599B}.Debug|Any CPU.ActiveCfg = Debug|Any CPU
		{EF87A65F-DC0F-44EE-91BF-74F7FED2599B}.Debug|Any CPU.Build.0 = Debug|Any CPU
		{EF87A65F-DC0F-44EE-91BF-74F7FED2599B}.Release|Any CPU.ActiveCfg = Release|Any CPU
		{EF87A65F-DC0F-44EE-91BF-74F7FED2599B}.Release|Any CPU.Build.0 = Release|Any CPU
		{5D2E6EBB-2720-4A51-8E3D-C62F1197DD31}.Debug|Any CPU.ActiveCfg = Debug|Any CPU
		{5D2E6EBB-2720-4A51-8E3D-C62F1197DD31}.Debug|Any CPU.Build.0 = Debug|Any CPU
		{5D2E6EBB-2720-4A51-8E3D-C62F1197DD31}.Release|Any CPU.ActiveCfg = Release|Any CPU
		{5D2E6EBB-2720-4A51-8E3D-C62F1197DD31}.Release|Any CPU.Build.0 = Release|Any CPU
	EndGlobalSection
	GlobalSection(SolutionProperties) = preSolution
		HideSolutionNode = FALSE
	EndGlobalSection
	GlobalSection(NestedProjects) = preSolution
		{717BAFF6-C299-4294-8FD0-492FB0826EDE} = {EE1786D6-201A-4BB1-832A-547C39FDD46F}
		{EE1786D6-201A-4BB1-832A-547C39FDD46F} = {0CEAE94A-5F69-4446-B136-1C55959C15D6}
		{B31D682E-D443-4323-A2EA-DFA9A3413C5A} = {5020EECE-66CF-4194-8127-2DADED8CFFAE}
		{5020EECE-66CF-4194-8127-2DADED8CFFAE} = {00332579-4466-4397-B0E1-F90590CFA980}
		{6EB58CD9-E73D-429F-84E7-601B0D8DDFA4} = {00332579-4466-4397-B0E1-F90590CFA980}
		{30AA2851-0289-4F28-A9ED-2E3F99B4DA52} = {6EB58CD9-E73D-429F-84E7-601B0D8DDFA4}
		{D6E9E347-FBF1-4589-B567-7D7EF0F4A623} = {45940B11-4907-4D48-9C75-4C94366A858C}
		{45940B11-4907-4D48-9C75-4C94366A858C} = {0CEAE94A-5F69-4446-B136-1C55959C15D6}
		{9E4DB020-00ED-427F-8A4E-8AFE717DDC4D} = {0CEAE94A-5F69-4446-B136-1C55959C15D6}
		{C6E3792B-C536-4F08-947D-9F2EB43F3E3C} = {9E4DB020-00ED-427F-8A4E-8AFE717DDC4D}
		{AB0060E5-CBBA-4162-95DF-D8E1FCDDD500} = {0CEAE94A-5F69-4446-B136-1C55959C15D6}
		{EBD61EE0-88BF-4D76-B300-475AA3494226} = {AB0060E5-CBBA-4162-95DF-D8E1FCDDD500}
		{145DD585-2020-4A34-8650-75BD6947D882} = {0CEAE94A-5F69-4446-B136-1C55959C15D6}
		{95C6F4C7-7193-4525-AFEA-542C0338388F} = {0CEAE94A-5F69-4446-B136-1C55959C15D6}
		{18602998-DAA0-4C8B-BBA1-85AACD9F1378} = {95C6F4C7-7193-4525-AFEA-542C0338388F}
		{F53A1FDF-0D06-41C0-95C3-AD7E53366A7A} = {145DD585-2020-4A34-8650-75BD6947D882}
		{64692A60-2547-493E-98CE-B21F90265404} = {0CEAE94A-5F69-4446-B136-1C55959C15D6}
		{70CC0217-7724-4143-B821-F0449A441C4D} = {64692A60-2547-493E-98CE-B21F90265404}
		{46F6C430-A6DF-4E61-B426-E78D60E6A135} = {01BD5B52-C658-469A-8A1D-C238DD871F75}
		{8BA56AEB-6C36-4771-A160-DA891E59C5A6} = {46F6C430-A6DF-4E61-B426-E78D60E6A135}
		{9FD23704-F99B-45A7-9077-1ABB67B9C26A} = {01BD5B52-C658-469A-8A1D-C238DD871F75}
		{4EA5B064-C20B-46BC-A37F-6F1169AAEB49} = {9FD23704-F99B-45A7-9077-1ABB67B9C26A}
		{1C4C5C7E-BDD2-4464-B2AA-0AC21B84B661} = {0CEAE94A-5F69-4446-B136-1C55959C15D6}
		{B81C6141-3854-4A8C-8907-7E3794366725} = {1C4C5C7E-BDD2-4464-B2AA-0AC21B84B661}
		{702ACE09-6E46-4EA3-BA5D-3D948B8DFCF0} = {0CEAE94A-5F69-4446-B136-1C55959C15D6}
		{D10518C9-FE21-4279-BBDC-CBBAE7545AA3} = {702ACE09-6E46-4EA3-BA5D-3D948B8DFCF0}
		{CD3C9E97-6B58-4E22-9382-0479C51D47C7} = {0CEAE94A-5F69-4446-B136-1C55959C15D6}
		{56D69E9C-B943-4CBB-875D-6F6508D4565D} = {CD3C9E97-6B58-4E22-9382-0479C51D47C7}
		{B44C78AE-3410-4733-B83E-2C13BA8E2612} = {0CEAE94A-5F69-4446-B136-1C55959C15D6}
		{1E224259-B82E-4438-8405-3C503658298F} = {B44C78AE-3410-4733-B83E-2C13BA8E2612}
		{DD399311-96A3-4197-928A-0E20EB285CAC} = {0CEAE94A-5F69-4446-B136-1C55959C15D6}
		{09E81654-AE64-46C4-82E3-0A68C39563C3} = {DD399311-96A3-4197-928A-0E20EB285CAC}
		{EB6FE96E-C5F1-4590-979D-062656448473} = {00332579-4466-4397-B0E1-F90590CFA980}
		{0DC89C4E-AC71-4C0A-9269-E58736E46DCE} = {EB6FE96E-C5F1-4590-979D-062656448473}
		{2404E9AD-9C66-4166-A030-10D9381D1FF1} = {00332579-4466-4397-B0E1-F90590CFA980}
		{6A36BC03-02B0-4870-A65A-979A0A096284} = {2404E9AD-9C66-4166-A030-10D9381D1FF1}
		{99FABD61-D6FE-44B4-B8F7-17BBA49D87BD} = {00332579-4466-4397-B0E1-F90590CFA980}
		{1080EDD0-326E-410E-8637-DA19C297D5CE} = {99FABD61-D6FE-44B4-B8F7-17BBA49D87BD}
		{0CF92343-A8A5-4A35-9582-B74B83119E3E} = {00332579-4466-4397-B0E1-F90590CFA980}
		{F4B09654-9BD9-4348-A1F6-A1FD36745A12} = {0CF92343-A8A5-4A35-9582-B74B83119E3E}
		{36D0F398-88D9-47E2-8116-361CDF5E5F5B} = {0CEAE94A-5F69-4446-B136-1C55959C15D6}
		{DB025E84-3EBA-423E-BC36-C2FC5F2BB289} = {36D0F398-88D9-47E2-8116-361CDF5E5F5B}
		{1491CBE9-39DA-4D48-B07A-40D589F986B5} = {00332579-4466-4397-B0E1-F90590CFA980}
		{720D2359-0EE1-48D1-894F-F199295E9B79} = {1491CBE9-39DA-4D48-B07A-40D589F986B5}
		{05550D32-47AD-44E2-9CE4-8EE797FF3ACE} = {00332579-4466-4397-B0E1-F90590CFA980}
		{6287AD51-B6D2-425F-A5D0-0BD8F8E09FD4} = {05550D32-47AD-44E2-9CE4-8EE797FF3ACE}
		{98548447-0DE5-4A55-88D8-F93D290F9D11} = {00332579-4466-4397-B0E1-F90590CFA980}
		{4E655BF0-A91A-41CA-9C82-3CB74E37BD83} = {98548447-0DE5-4A55-88D8-F93D290F9D11}
		{3656A255-4A5A-44BC-A34E-EBB0EC5631E8} = {00332579-4466-4397-B0E1-F90590CFA980}
		{B79AD49E-916A-4124-BEA7-7949B1118243} = {3656A255-4A5A-44BC-A34E-EBB0EC5631E8}
		{36AEE20E-2BF2-48AD-8D74-CFE4A4CCCEF4} = {00332579-4466-4397-B0E1-F90590CFA980}
		{A05C0C07-4685-4CAC-B06A-FD2EA4552294} = {36AEE20E-2BF2-48AD-8D74-CFE4A4CCCEF4}
		{0DC3064D-4E9B-4715-9733-115095EB1086} = {00332579-4466-4397-B0E1-F90590CFA980}
		{E705DE91-28B0-42DE-9CBF-5065C6928AAF} = {0DC3064D-4E9B-4715-9733-115095EB1086}
		{3A5CE46A-0A81-4BA7-8940-D924B11C2459} = {00332579-4466-4397-B0E1-F90590CFA980}
		{4F7B0CE2-9804-46C9-BD40-968B3B558DD4} = {3A5CE46A-0A81-4BA7-8940-D924B11C2459}
		{21A9746A-D269-4B55-9CAC-12C217AEC112} = {00332579-4466-4397-B0E1-F90590CFA980}
		{73C32935-8AF6-4C78-A7D4-77BB05D50F8E} = {21A9746A-D269-4B55-9CAC-12C217AEC112}
		{8DBAF8B5-8659-4E1C-A09C-5CB096FD5244} = {00332579-4466-4397-B0E1-F90590CFA980}
		{87DAB0D2-0632-4490-8B25-587E2C87A308} = {8DBAF8B5-8659-4E1C-A09C-5CB096FD5244}
		{D38E91E5-B668-41FF-A2DC-812415A088DC} = {00332579-4466-4397-B0E1-F90590CFA980}
		{BF6B90CF-06BB-4DBE-A17C-DD5169790735} = {D38E91E5-B668-41FF-A2DC-812415A088DC}
		{B7C58192-9520-40EB-A5B9-1C7BD82AC2F9} = {00332579-4466-4397-B0E1-F90590CFA980}
		{EF87A65F-DC0F-44EE-91BF-74F7FED2599B} = {B7C58192-9520-40EB-A5B9-1C7BD82AC2F9}
		{E8BF8408-23B8-4211-89BD-E6FBABBFA889} = {0CEAE94A-5F69-4446-B136-1C55959C15D6}
		{5D2E6EBB-2720-4A51-8E3D-C62F1197DD31} = {E8BF8408-23B8-4211-89BD-E6FBABBFA889}
	EndGlobalSection
	GlobalSection(ExtensibilityGlobals) = postSolution
		SolutionGuid = {855CE0F7-DD60-4ADF-A74C-43A155579323}
		EnterpriseLibraryConfigurationToolBinariesPathV6 = packages\EnterpriseLibrary.Common.6.0.1304.0\lib\NET45;packages\EnterpriseLibrary.TransientFaultHandling.6.0.1304.0\lib\portable-net45+win+wp8;packages\EnterpriseLibrary.TransientFaultHandling.Caching.6.0.1304.0\lib\NET45;packages\EnterpriseLibrary.TransientFaultHandling.Data.6.0.1304.1\lib\NET45;packages\EnterpriseLibrary.TransientFaultHandling.ServiceBus.6.0.1304.0\lib\NET45;packages\EnterpriseLibrary.TransientFaultHandling.WindowsAzure.Storage.6.0.1304.0\lib\NET45;packages\EnterpriseLibrary.TransientFaultHandling.Configuration.6.0.1304.0\lib\NET45
	EndGlobalSection
EndGlobal
